
Microsoft Visual Studio Solution File, Format Version 12.00
# Visual Studio Version 16
VisualStudioVersion = 16.0.29609.76
MinimumVisualStudioVersion = 10.0.40219.1
Project("{FAE04EC0-301F-11D3-BF4B-00C04F79EFBC}") = "Hit the Target", "Hit the Target\Hit the Target.csproj", "{A28DB1C4-2302-49C3-8D0F-EE1F220673EB}"
EndProject
Global
	GlobalSection(SolutionConfigurationPlatforms) = preSolution
		Debug|Any CPU = Debug|Any CPU
		Release|Any CPU = Release|Any CPU
	EndGlobalSection
	GlobalSection(ProjectConfigurationPlatforms) = postSolution
		{A28DB1C4-2302-49C3-8D0F-EE1F220673EB}.Debug|Any CPU.ActiveCfg = Debug|Any CPU
		{A28DB1C4-2302-49C3-8D0F-EE1F220673EB}.Debug|Any CPU.Build.0 = Debug|Any CPU
		{A28DB1C4-2302-49C3-8D0F-EE1F220673EB}.Release|Any CPU.ActiveCfg = Release|Any CPU
		{A28DB1C4-2302-49C3-8D0F-EE1F220673EB}.Release|Any CPU.Build.0 = Release|Any CPU
	EndGlobalSection
	GlobalSection(SolutionProperties) = preSolution
		HideSolutionNode = FALSE
	EndGlobalSection
	GlobalSection(ExtensibilityGlobals) = postSolution
		SolutionGuid = {88C3EC29-B53C-4CA4-B6AA-CF93AD92B4E6}
	EndGlobalSection
EndGlobal
